
Microsoft Visual Studio Solution File, Format Version 12.00
# Visual Studio Version 17
VisualStudioVersion = 17.11.35327.3
MinimumVisualStudioVersion = 10.0.40219.1
Project("{FAE04EC0-301F-11D3-BF4B-00C04F79EFBC}") = "LibrarsStraightLine", "LibrarsStraightLine\LibrarsStraightLine.csproj", "{4D6ABD84-B8F3-42A8-84B1-E52D59D763B9}"
EndProject
Global
	GlobalSection(SolutionConfigurationPlatforms) = preSolution
		Debug|Any CPU = Debug|Any CPU
		Release|Any CPU = Release|Any CPU
	EndGlobalSection
	GlobalSection(ProjectConfigurationPlatforms) = postSolution
		{4D6ABD84-B8F3-42A8-84B1-E52D59D763B9}.Debug|Any CPU.ActiveCfg = Debug|Any CPU
		{4D6ABD84-B8F3-42A8-84B1-E52D59D763B9}.Debug|Any CPU.Build.0 = Debug|Any CPU
		{4D6ABD84-B8F3-42A8-84B1-E52D59D763B9}.Release|Any CPU.ActiveCfg = Release|Any CPU
		{4D6ABD84-B8F3-42A8-84B1-E52D59D763B9}.Release|Any CPU.Build.0 = Release|Any CPU
	EndGlobalSection
	GlobalSection(SolutionProperties) = preSolution
		HideSolutionNode = FALSE
	EndGlobalSection
	GlobalSection(ExtensibilityGlobals) = postSolution
		SolutionGuid = {F58445E4-7D16-4A7F-800A-34A5A3729FA8}
	EndGlobalSection
EndGlobal
